
Microsoft Visual Studio Solution File, Format Version 12.00
# Visual Studio 14
VisualStudioVersion = 14.0.25420.1
MinimumVisualStudioVersion = 10.0.40219.1
Project("{8BB2217D-0F2D-49D1-97BC-3654ED321F3B}") = "NetMQ.ReactiveExtensions", "NetMQ.ReactiveExtensions\NetMQ.ReactiveExtensions.xproj", "{1F0D6712-7390-446F-9DCC-E86480360496}"
EndProject
Project("{8BB2217D-0F2D-49D1-97BC-3654ED321F3B}") = "NetMQ.ReactiveExtensions.SamplePublisher", "NetMQ.ReactiveExtensions.SamplePublisher\NetMQ.ReactiveExtensions.SamplePublisher.xproj", "{72BBF61C-B5AC-49C5-B4F6-0EEEB97A98CF}"
EndProject
Project("{8BB2217D-0F2D-49D1-97BC-3654ED321F3B}") = "NetMQ.ReactiveExtensions.SampleSubscriber", "NetMQ.ReactiveExtensions.SampleSubscriber\NetMQ.ReactiveExtensions.SampleSubscriber.xproj", "{F8CAD08F-532C-438B-9B7E-218DD6904840}"
EndProject
Project("{8BB2217D-0F2D-49D1-97BC-3654ED321F3B}") = "NetMQ.ReactiveExtensions.Tests", "NetMQ.ReactiveExtensions.Tests\NetMQ.ReactiveExtensions.Tests.xproj", "{7D1CAE81-2573-427B-A493-41D02A11EB30}"
EndProject
Global
	GlobalSection(SolutionConfigurationPlatforms) = preSolution
		Debug|Any CPU = Debug|Any CPU
		Release|Any CPU = Release|Any CPU
	EndGlobalSection
	GlobalSection(ProjectConfigurationPlatforms) = postSolution
		{1F0D6712-7390-446F-9DCC-E86480360496}.Debug|Any CPU.ActiveCfg = Debug|Any CPU
		{1F0D6712-7390-446F-9DCC-E86480360496}.Debug|Any CPU.Build.0 = Debug|Any CPU
		{1F0D6712-7390-446F-9DCC-E86480360496}.Release|Any CPU.ActiveCfg = Release|Any CPU
		{1F0D6712-7390-446F-9DCC-E86480360496}.Release|Any CPU.Build.0 = Release|Any CPU
		{72BBF61C-B5AC-49C5-B4F6-0EEEB97A98CF}.Debug|Any CPU.ActiveCfg = Debug|Any CPU
		{72BBF61C-B5AC-49C5-B4F6-0EEEB97A98CF}.Debug|Any CPU.Build.0 = Debug|Any CPU
		{72BBF61C-B5AC-49C5-B4F6-0EEEB97A98CF}.Release|Any CPU.ActiveCfg = Release|Any CPU
		{72BBF61C-B5AC-49C5-B4F6-0EEEB97A98CF}.Release|Any CPU.Build.0 = Release|Any CPU
		{F8CAD08F-532C-438B-9B7E-218DD6904840}.Debug|Any CPU.ActiveCfg = Debug|Any CPU
		{F8CAD08F-532C-438B-9B7E-218DD6904840}.Debug|Any CPU.Build.0 = Debug|Any CPU
		{F8CAD08F-532C-438B-9B7E-218DD6904840}.Release|Any CPU.ActiveCfg = Release|Any CPU
		{F8CAD08F-532C-438B-9B7E-218DD6904840}.Release|Any CPU.Build.0 = Release|Any CPU
		{7D1CAE81-2573-427B-A493-41D02A11EB30}.Debug|Any CPU.ActiveCfg = Debug|Any CPU
		{7D1CAE81-2573-427B-A493-41D02A11EB30}.Debug|Any CPU.Build.0 = Debug|Any CPU
		{7D1CAE81-2573-427B-A493-41D02A11EB30}.Release|Any CPU.ActiveCfg = Release|Any CPU
		{7D1CAE81-2573-427B-A493-41D02A11EB30}.Release|Any CPU.Build.0 = Release|Any CPU
	EndGlobalSection
	GlobalSection(SolutionProperties) = preSolution
		HideSolutionNode = FALSE
	EndGlobalSection
EndGlobal
